// !$*UTF8*$!
{
	archiveVersion = 1;
	classes = {
	};
	objectVersion = 46;
	objects = {

/* Begin PBXBuildFile section */
		D08F51BF1A0B4FD90028DFB6 /* main.cpp in Sources */ = {isa = PBXBuildFile; fileRef = D08F51BE1A0B4FD90028DFB6 /* main.cpp */; };
/* End PBXBuildFile section */

/* Begin PBXCopyFilesBuildPhase section */
		D08F51B91A0B4FD90028DFB6 /* CopyFiles */ = {
			isa = PBXCopyFilesBuildPhase;
			buildActionMask = 2147483647;
			dstPath = /usr/share/man/man1/;
			dstSubfolderSpec = 0;
			files = (
			);
			runOnlyForDeploymentPostprocessing = 1;
		};
/* End PBXCopyFilesBuildPhase section */

/* Begin PBXFileReference section */
		D08F51BB1A0B4FD90028DFB6 /* VectorOfPointers */ = {isa = PBXFileReference; explicitFileType = "compiled.mach-o.executable"; includeInIndex = 0; path = VectorOfPointers; sourceTree = BUILT_PRODUCTS_DIR; };
		D08F51BE1A0B4FD90028DFB6 /* main.cpp */ = {isa = PBXFileReference; lastKnownFileType = sourcecode.cpp.cpp; path = main.cpp; sourceTree = "<group>"; };
/* End PBXFileReference section */

/* Begin PBXFrameworksBuildPhase section */
		D08F51B81A0B4FD90028DFB6 /* Frameworks */ = {
			isa = PBXFrameworksBuildPhase;
			buildActionMask = 2147483647;
			files = (
			);
			runOnlyForDeploymentPostprocessing = 0;
		};
/* End PBXFrameworksBuildPhase section */

/* Begin PBXGroup section */
		D08F51B21A0B4FD80028DFB6 = {
			isa = PBXGroup;
			children = (
				D08F51BD1A0B4FD90028DFB6 /* VectorOfPointers */,
				D08F51BC1A0B4FD90028DFB6 /* Products */,
			);
			sourceTree = "<group>";
		};
		D08F51BC1A0B4FD90028DFB6 /* Products */ = {
			isa = PBXGroup;
			children = (
				D08F51BB1A0B4FD90028DFB6 /* VectorOfPointers */,
			);
			name = Products;
			sourceTree = "<group>";
		};
		D08F51BD1A0B4FD90028DFB6 /* VectorOfPointers */ = {
			isa = PBXGroup;
			children = (
				D08F51BE1A0B4FD90028DFB6 /* main.cpp */,
			);
			path = VectorOfPointers;
			sourceTree = "<group>";
		};
/* End PBXGroup section */

/* Begin PBXNativeTarget section */
		D08F51BA1A0B4FD90028DFB6 /* VectorOfPointers */ = {
			isa = PBXNativeTarget;
			buildConfigurationList = D08F51C21A0B4FD90028DFB6 /* Build configuration list for PBXNativeTarget "VectorOfPointers" */;
			buildPhases = (
				D08F51B71A0B4FD90028DFB6 /* Sources */,
				D08F51B81A0B4FD90028DFB6 /* Frameworks */,
				D08F51B91A0B4FD90028DFB6 /* CopyFiles */,
			);
			buildRules = (
			);
			dependencies = (
			);
			name = VectorOfPointers;
			productName = VectorOfPointers;
			productReference = D08F51BB1A0B4FD90028DFB6 /* VectorOfPointers */;
			productType = "com.apple.product-type.tool";
		};
/* End PBXNativeTarget section */

/* Begin PBXProject section */
		D08F51B31A0B4FD80028DFB6 /* Project object */ = {
			isa = PBXProject;
			attributes = {
				LastUpgradeCheck = 0610;
				ORGANIZATIONNAME = "Phoenix Perry";
				TargetAttributes = {
					D08F51BA1A0B4FD90028DFB6 = {
						CreatedOnToolsVersion = 6.1;
					};
				};
			};
			buildConfigurationList = D08F51B61A0B4FD80028DFB6 /* Build configuration list for PBXProject "VectorOfPointers" */;
			compatibilityVersion = "Xcode 3.2";
			developmentRegion = English;
			hasScannedForEncodings = 0;
			knownRegions = (
				en,
			);
			mainGroup = D08F51B21A0B4FD80028DFB6;
			productRefGroup = D08F51BC1A0B4FD90028DFB6 /* Products */;
			projectDirPath = "";
			projectRoot = "";
			targets = (
				D08F51BA1A0B4FD90028DFB6 /* VectorOfPointers */,
			);
		};
/* End PBXProject section */

/* Begin PBXSourcesBuildPhase section */
		D08F51B71A0B4FD90028DFB6 /* Sources */ = {
			isa = PBXSourcesBuildPhase;
			buildActionMask = 2147483647;
			files = (
				D08F51BF1A0B4FD90028DFB6 /* main.cpp in Sources */,
			);
			runOnlyForDeploymentPostprocessing = 0;
		};
/* End PBXSourcesBuildPhase section */

/* Begin XCBuildConfiguration section */
		D08F51C01A0B4FD90028DFB6 /* Debug */ = {
			isa = XCBuildConfiguration;
			buildSettings = {
				ALWAYS_SEARCH_USER_PATHS = NO;
				CLANG_CXX_LANGUAGE_STANDARD = "gnu++0x";
				CLANG_CXX_LIBRARY = "libc++";
				CLANG_ENABLE_MODULES = YES;
				CLANG_ENABLE_OBJC_ARC = YES;
				CLANG_WARN_BOOL_CONVERSION = YES;
				CLANG_WARN_CONSTANT_CONVERSION = YES;
				CLANG_WARN_DIRECT_OBJC_ISA_USAGE = YES_ERROR;
				CLANG_WARN_EMPTY_BODY = YES;
				CLANG_WARN_ENUM_CONVERSION = YES;
				CLANG_WARN_INT_CONVERSION = YES;
				CLANG_WARN_OBJC_ROOT_CLASS = YES_ERROR;
				CLANG_WARN_UNREACHABLE_CODE = YES;
				CLANG_WARN__DUPLICATE_METHOD_MATCH = YES;
				COPY_PHASE_STRIP = NO;
				ENABLE_STRICT_OBJC_MSGSEND = YES;
				GCC_C_LANGUAGE_STANDARD = gnu99;
				GCC_DYNAMIC_NO_PIC = NO;
				GCC_OPTIMIZATION_LEVEL = 0;
				GCC_PREPROCESSOR_DEFINITIONS = (
					"DEBUG=1",
					"$(inherited)",
				);
				GCC_SYMBOLS_PRIVATE_EXTERN = NO;
				GCC_WARN_64_TO_32_BIT_CONVERSION = YES;
				GCC_WARN_ABOUT_RETURN_TYPE = YES_ERROR;
				GCC_WARN_UNDECLARED_SELECTOR = YES;
				GCC_WARN_UNINITIALIZED_AUTOS = YES_AGGRESSIVE;
				GCC_WARN_UNUSED_FUNCTION = YES;
				GCC_WARN_UNUSED_VARIABLE = YES;
				MACOSX_DEPLOYMENT_TARGET = 10.9;
				MTL_ENABLE_DEBUG_INFO = YES;
				ONLY_ACTIVE_ARCH = YES;
				SDKROOT = macosx;
			};
			name = Debug;
		};
		D08F51C11A0B4FD90028DFB6 /* Release */ = {
			isa = XCBuildConfiguration;
			buildSettings = {
				ALWAYS_SEARCH_USER_PATHS = NO;
				CLANG_CXX_LANGUAGE_STANDARD = "gnu++0x";
				CLANG_CXX_LIBRARY = "libc++";
				CLANG_ENABLE_MODULES = YES;
				CLANG_ENABLE_OBJC_ARC = YES;
				CLANG_WARN_BOOL_CONVERSION = YES;
				CLANG_WARN_CONSTANT_CONVERSION = YES;
				CLANG_WARN_DIRECT_OBJC_ISA_USAGE = YES_ERROR;
				CLANG_WARN_EMPTY_BODY = YES;
				CLANG_WARN_ENUM_CONVERSION = YES;
				CLANG_WARN_INT_CONVERSION = YES;
				CLANG_WARN_OBJC_ROOT_CLASS = YES_ERROR;
				CLANG_WARN_UNREACHABLE_CODE = YES;
				CLANG_WARN__DUPLICATE_METHOD_MATCH = YES;
				COPY_PHASE_STRIP = YES;
				DEBUG_INFORMATION_FORMAT = "dwarf-with-dsym";
				ENABLE_NS_ASSERTIONS = NO;
				ENABLE_STRICT_OBJC_MSGSEND = YES;
				GCC_C_LANGUAGE_STANDARD = gnu99;
				GCC_WARN_64_TO_32_BIT_CONVERSION = YES;
				GCC_WARN_ABOUT_RETURN_TYPE = YES_ERROR;
				GCC_WARN_UNDECLARED_SELECTOR = YES;
				GCC_WARN_UNINITIALIZED_AUTOS = YES_AGGRESSIVE;
				GCC_WARN_UNUSED_FUNCTION = YES;
				GCC_WARN_UNUSED_VARIABLE = YES;
				MACOSX_DEPLOYMENT_TARGET = 10.9;
				MTL_ENABLE_DEBUG_INFO = NO;
				SDKROOT = macosx;
			};
			name = Release;
		};
		D08F51C31A0B4FD90028DFB6 /* Debug */ = {
			isa = XCBuildConfiguration;
			buildSettings = {
				PRODUCT_NAME = "$(TARGET_NAME)";
			};
			name = Debug;
		};
		D08F51C41A0B4FD90028DFB6 /* Release */ = {
			isa = XCBuildConfiguration;
			buildSettings = {
				PRODUCT_NAME = "$(TARGET_NAME)";
			};
			name = Release;
		};
/* End XCBuildConfiguration section */

/* Begin XCConfigurationList section */
		D08F51B61A0B4FD80028DFB6 /* Build configuration list for PBXProject "VectorOfPointers" */ = {
			isa = XCConfigurationList;
			buildConfigurations = (
				D08F51C01A0B4FD90028DFB6 /* Debug */,
				D08F51C11A0B4FD90028DFB6 /* Release */,
			);
			defaultConfigurationIsVisible = 0;
			defaultConfigurationName = Release;
		};
		D08F51C21A0B4FD90028DFB6 /* Build configuration list for PBXNativeTarget "VectorOfPointers" */ = {
			isa = XCConfigurationList;
			buildConfigurations = (
				D08F51C31A0B4FD90028DFB6 /* Debug */,
				D08F51C41A0B4FD90028DFB6 /* Release */,
			);
			defaultConfigurationIsVisible = 0;
		};
/* End XCConfigurationList section */
	};
	rootObject = D08F51B31A0B4FD80028DFB6 /* Project object */;
}
